
Microsoft Visual Studio Solution File, Format Version 12.00
# Visual Studio Version 17
VisualStudioVersion = 17.7.34031.279
MinimumVisualStudioVersion = 10.0.40219.1
Project("{8BC9CEB8-8B4A-11D0-8D11-00A0C91BC942}") = "2023.11.8", "2023.11.8.vcxproj", "{4192B24A-3786-4700-A553-3E938005659B}"
EndProject
Global
	GlobalSection(SolutionConfigurationPlatforms) = preSolution
		Debug|x64 = Debug|x64
		Debug|x86 = Debug|x86
		Release|x64 = Release|x64
		Release|x86 = Release|x86
	EndGlobalSection
	GlobalSection(ProjectConfigurationPlatforms) = postSolution
		{4192B24A-3786-4700-A553-3E938005659B}.Debug|x64.ActiveCfg = Debug|x64
		{4192B24A-3786-4700-A553-3E938005659B}.Debug|x64.Build.0 = Debug|x64
		{4192B24A-3786-4700-A553-3E938005659B}.Debug|x86.ActiveCfg = Debug|Win32
		{4192B24A-3786-4700-A553-3E938005659B}.Debug|x86.Build.0 = Debug|Win32
		{4192B24A-3786-4700-A553-3E938005659B}.Release|x64.ActiveCfg = Release|x64
		{4192B24A-3786-4700-A553-3E938005659B}.Release|x64.Build.0 = Release|x64
		{4192B24A-3786-4700-A553-3E938005659B}.Release|x86.ActiveCfg = Release|Win32
		{4192B24A-3786-4700-A553-3E938005659B}.Release|x86.Build.0 = Release|Win32
	EndGlobalSection
	GlobalSection(SolutionProperties) = preSolution
		HideSolutionNode = FALSE
	EndGlobalSection
	GlobalSection(ExtensibilityGlobals) = postSolution
		SolutionGuid = {5710E54F-62ED-442B-A51C-13F5DA0BC631}
	EndGlobalSection
EndGlobal
